
Microsoft Visual Studio Solution File, Format Version 12.00
# Visual Studio Version 17
VisualStudioVersion = 17.9.34723.18
MinimumVisualStudioVersion = 10.0.40219.1
Project("{2150E333-8FDC-42A3-9474-1A3956D46DE8}") = "Services", "Services", "{7EE93F02-404C-47EB-9D5C-3843F753F017}"
EndProject
Project("{2150E333-8FDC-42A3-9474-1A3956D46DE8}") = "Common", "Common", "{44AEAC92-2380-4C56-B953-E7653BFFF9E4}"
EndProject
Project("{2150E333-8FDC-42A3-9474-1A3956D46DE8}") = "ShiftTrack", "ShiftTrack", "{0836CADF-B844-4572-AAA6-25B1346F6AA5}"
EndProject
Project("{9A19103F-16F7-4668-BE54-9A1E7A4F7556}") = "ShiftTrack.API", "src\Services\ShiftTrack\ShiftTrack.API\ShiftTrack.API.csproj", "{1B481CE7-71E2-4F76-B4AD-49CB95299A29}"
EndProject
Project("{9A19103F-16F7-4668-BE54-9A1E7A4F7556}") = "ShiftTrack.Core", "src\Services\ShiftTrack\ShiftTrack.Core\ShiftTrack.Core.csproj", "{0C02B647-28B3-4DA3-B58D-CAE6CFFA9EE3}"
EndProject
Project("{2150E333-8FDC-42A3-9474-1A3956D46DE8}") = "src", "src", "{5B9B56C2-0C91-4AF0-B254-01F2649279B3}"
EndProject
Project("{2150E333-8FDC-42A3-9474-1A3956D46DE8}") = "Kernel", "Kernel", "{CB80AE09-BAAD-484C-9D7F-77227468C028}"
EndProject
Project("{E53339B2-1760-4266-BCC7-CA923CBCF16C}") = "docker-compose", "docker-compose.dcproj", "{2920E1DD-A344-45F0-A29A-C4624137495D}"
EndProject
Project("{2150E333-8FDC-42A3-9474-1A3956D46DE8}") = "Data", "Data", "{634F85BC-25D7-4731-B44A-6D65B74EDC19}"
EndProject
Project("{2150E333-8FDC-42A3-9474-1A3956D46DE8}") = "Authentication", "Authentication", "{F56EFA47-6474-4904-AB0A-FF60EC9FA3EB}"
EndProject
Project("{2150E333-8FDC-42A3-9474-1A3956D46DE8}") = "User", "User", "{108D41C6-0EE7-402F-8DAB-08B79745D189}"
EndProject
Project("{2150E333-8FDC-42A3-9474-1A3956D46DE8}") = "Authentication", "Authentication", "{365519FF-93BD-4F4D-8720-8946A21CA5EA}"
EndProject
Project("{9A19103F-16F7-4668-BE54-9A1E7A4F7556}") = "User.Authentication.Api", "src\Services\User\Authentication\User.Authentication.Api\User.Authentication.Api.csproj", "{3C630CBB-7B27-4E5B-997C-C43C01E72AAF}"
EndProject
Project("{9A19103F-16F7-4668-BE54-9A1E7A4F7556}") = "User.Authentication.Core", "src\Services\User\Authentication\User.Authentication.Core\User.Authentication.Core.csproj", "{C7D33B46-1043-4E0E-B456-F34D6F6E2E35}"
EndProject
Project("{9A19103F-16F7-4668-BE54-9A1E7A4F7556}") = "User.Authentication.Server", "src\Services\User\Authentication\User.Authentication.Server\User.Authentication.Server.csproj", "{DDE67D07-4387-4173-B210-667E9DDC0C30}"
EndProject
Project("{9A19103F-16F7-4668-BE54-9A1E7A4F7556}") = "ShiftTrack.Authentication", "src\Common\Authentication\ShiftTrack.Authentication\ShiftTrack.Authentication.csproj", "{2E82BFB8-FBF9-427F-B98E-DC9EF335D2FE}"
EndProject
Project("{9A19103F-16F7-4668-BE54-9A1E7A4F7556}") = "ShiftTrack.Authentication.Identity", "src\Common\Authentication\ShiftTrack.Authentication.Identity\ShiftTrack.Authentication.Identity.csproj", "{1DDF1A75-61EB-4F28-8433-8563CDE79A2E}"
EndProject
Project("{2150E333-8FDC-42A3-9474-1A3956D46DE8}") = "Gateways", "Gateways", "{0885B2FF-6242-42FE-8555-4D1A52B3CC62}"
EndProject
Project("{9A19103F-16F7-4668-BE54-9A1E7A4F7556}") = "ShiftTrack.Authentication.Bearer", "src\Common\Authentication\ShiftTrack.Authentication.Bearer\ShiftTrack.Authentication.Bearer.csproj", "{171D433D-8869-4165-8D09-DB3AABF45FC9}"
EndProject
Project("{9A19103F-16F7-4668-BE54-9A1E7A4F7556}") = "ShiftTrack.Authentication.Basic", "src\Common\Authentication\ShiftTrack.Authentication.Basic\ShiftTrack.Authentication.Basic.csproj", "{269EFF57-6897-40C8-919F-26D31EB4A1E6}"
EndProject
Project("{9A19103F-16F7-4668-BE54-9A1E7A4F7556}") = "Gateway.Web.Api", "src\Gateways\Gateway.Web.Api\Gateway.Web.Api.csproj", "{292018AE-44DC-4155-85FF-9E737BF09ACA}"
EndProject
Project("{2150E333-8FDC-42A3-9474-1A3956D46DE8}") = "WebClient", "WebClient", "{F7E5F881-CCE1-4E15-AF93-8CA9109D2410}"
EndProject
Project("{9A19103F-16F7-4668-BE54-9A1E7A4F7556}") = "ShiftTrack.WebClient", "src\Common\WebClient\ShiftTrack.WebClient\ShiftTrack.WebClient.csproj", "{B7414982-0F04-4750-B02C-5A9C557BDC14}"
EndProject
Project("{9A19103F-16F7-4668-BE54-9A1E7A4F7556}") = "ShiftTrack.WebClient.Http", "src\Common\WebClient\ShiftTrack.WebClient.Http\ShiftTrack.WebClient.Http.csproj", "{3CC3894D-3CF0-4E98-90A2-03F53607E866}"
EndProject
Project("{9A19103F-16F7-4668-BE54-9A1E7A4F7556}") = "ShiftTrack.Kernel", "src\Common\Kernel\ShiftTrack.Kernel\ShiftTrack.Kernel.csproj", "{4E6F6580-503D-40FF-AF82-9AD158FFE07C}"
EndProject
Project("{9A19103F-16F7-4668-BE54-9A1E7A4F7556}") = "ShiftTrack.Data", "src\Common\Data\ShiftTrack.Data\ShiftTrack.Data.csproj", "{F7E8F836-A408-46E7-A4BA-72B87F550D69}"
EndProject
Project("{2150E333-8FDC-42A3-9474-1A3956D46DE8}") = "tests", "tests", "{02AEC063-38A0-442B-9D61-1BCDEA55BFE4}"
EndProject
Project("{2150E333-8FDC-42A3-9474-1A3956D46DE8}") = "ShiftTrack", "ShiftTrack", "{17B6D4B3-FD9B-49D7-B215-BA2393F49043}"
EndProject
Project("{2150E333-8FDC-42A3-9474-1A3956D46DE8}") = "User", "User", "{71D1FF59-5E97-475F-93DC-D24D7BB60560}"
EndProject
Project("{FAE04EC0-301F-11D3-BF4B-00C04F79EFBC}") = "ShiftTrack.Core.Application.Integration.Tests", "tests\ShiftTrack\ShiftTrack.Core.Application.Integration.Tests\ShiftTrack.Core.Application.Integration.Tests.csproj", "{FB06C5E9-049D-4E0E-A454-8860524686A1}"
EndProject
Project("{2150E333-8FDC-42A3-9474-1A3956D46DE8}") = "Client", "Client", "{04E1B193-BF17-470B-BC28-BF860EB450EF}"
EndProject
Project("{FAE04EC0-301F-11D3-BF4B-00C04F79EFBC}") = "ShiftTrack.Client", "src\Common\Client\ShiftTrack.Client\ShiftTrack.Client.csproj", "{412B5E00-5D19-465E-86AE-88439B2D611D}"
EndProject
Project("{FAE04EC0-301F-11D3-BF4B-00C04F79EFBC}") = "ShiftTrack.Client.Http", "src\Common\Client\ShiftTrack.Client.Http\ShiftTrack.Client.Http.csproj", "{A793BEBC-68E1-4E79-9CF6-E56DF2A5E05D}"
EndProject
Project("{FAE04EC0-301F-11D3-BF4B-00C04F79EFBC}") = "ShiftTrack.Kernel.CQRS", "src\Common\Kernel\ShiftTrack.Kernel.CQRS\ShiftTrack.Kernel.CQRS.csproj", "{EEFD5EAC-906D-44F5-9A71-FB8F781D4556}"
EndProject
Global
	GlobalSection(SolutionConfigurationPlatforms) = preSolution
		Debug|Any CPU = Debug|Any CPU
		Release|Any CPU = Release|Any CPU
	EndGlobalSection
	GlobalSection(ProjectConfigurationPlatforms) = postSolution
		{1B481CE7-71E2-4F76-B4AD-49CB95299A29}.Debug|Any CPU.ActiveCfg = Debug|Any CPU
		{1B481CE7-71E2-4F76-B4AD-49CB95299A29}.Debug|Any CPU.Build.0 = Debug|Any CPU
		{1B481CE7-71E2-4F76-B4AD-49CB95299A29}.Release|Any CPU.ActiveCfg = Release|Any CPU
		{1B481CE7-71E2-4F76-B4AD-49CB95299A29}.Release|Any CPU.Build.0 = Release|Any CPU
		{0C02B647-28B3-4DA3-B58D-CAE6CFFA9EE3}.Debug|Any CPU.ActiveCfg = Debug|Any CPU
		{0C02B647-28B3-4DA3-B58D-CAE6CFFA9EE3}.Debug|Any CPU.Build.0 = Debug|Any CPU
		{0C02B647-28B3-4DA3-B58D-CAE6CFFA9EE3}.Release|Any CPU.ActiveCfg = Release|Any CPU
		{0C02B647-28B3-4DA3-B58D-CAE6CFFA9EE3}.Release|Any CPU.Build.0 = Release|Any CPU
		{2920E1DD-A344-45F0-A29A-C4624137495D}.Debug|Any CPU.ActiveCfg = Debug|Any CPU
		{2920E1DD-A344-45F0-A29A-C4624137495D}.Debug|Any CPU.Build.0 = Debug|Any CPU
		{2920E1DD-A344-45F0-A29A-C4624137495D}.Release|Any CPU.ActiveCfg = Release|Any CPU
		{2920E1DD-A344-45F0-A29A-C4624137495D}.Release|Any CPU.Build.0 = Release|Any CPU
		{3C630CBB-7B27-4E5B-997C-C43C01E72AAF}.Debug|Any CPU.ActiveCfg = Debug|Any CPU
		{3C630CBB-7B27-4E5B-997C-C43C01E72AAF}.Debug|Any CPU.Build.0 = Debug|Any CPU
		{3C630CBB-7B27-4E5B-997C-C43C01E72AAF}.Release|Any CPU.ActiveCfg = Release|Any CPU
		{3C630CBB-7B27-4E5B-997C-C43C01E72AAF}.Release|Any CPU.Build.0 = Release|Any CPU
		{C7D33B46-1043-4E0E-B456-F34D6F6E2E35}.Debug|Any CPU.ActiveCfg = Debug|Any CPU
		{C7D33B46-1043-4E0E-B456-F34D6F6E2E35}.Debug|Any CPU.Build.0 = Debug|Any CPU
		{C7D33B46-1043-4E0E-B456-F34D6F6E2E35}.Release|Any CPU.ActiveCfg = Release|Any CPU
		{C7D33B46-1043-4E0E-B456-F34D6F6E2E35}.Release|Any CPU.Build.0 = Release|Any CPU
		{DDE67D07-4387-4173-B210-667E9DDC0C30}.Debug|Any CPU.ActiveCfg = Debug|Any CPU
		{DDE67D07-4387-4173-B210-667E9DDC0C30}.Debug|Any CPU.Build.0 = Debug|Any CPU
		{DDE67D07-4387-4173-B210-667E9DDC0C30}.Release|Any CPU.ActiveCfg = Release|Any CPU
		{DDE67D07-4387-4173-B210-667E9DDC0C30}.Release|Any CPU.Build.0 = Release|Any CPU
		{2E82BFB8-FBF9-427F-B98E-DC9EF335D2FE}.Debug|Any CPU.ActiveCfg = Debug|Any CPU
		{2E82BFB8-FBF9-427F-B98E-DC9EF335D2FE}.Debug|Any CPU.Build.0 = Debug|Any CPU
		{2E82BFB8-FBF9-427F-B98E-DC9EF335D2FE}.Release|Any CPU.ActiveCfg = Release|Any CPU
		{2E82BFB8-FBF9-427F-B98E-DC9EF335D2FE}.Release|Any CPU.Build.0 = Release|Any CPU
		{1DDF1A75-61EB-4F28-8433-8563CDE79A2E}.Debug|Any CPU.ActiveCfg = Debug|Any CPU
		{1DDF1A75-61EB-4F28-8433-8563CDE79A2E}.Debug|Any CPU.Build.0 = Debug|Any CPU
		{1DDF1A75-61EB-4F28-8433-8563CDE79A2E}.Release|Any CPU.ActiveCfg = Release|Any CPU
		{1DDF1A75-61EB-4F28-8433-8563CDE79A2E}.Release|Any CPU.Build.0 = Release|Any CPU
		{171D433D-8869-4165-8D09-DB3AABF45FC9}.Debug|Any CPU.ActiveCfg = Debug|Any CPU
		{171D433D-8869-4165-8D09-DB3AABF45FC9}.Debug|Any CPU.Build.0 = Debug|Any CPU
		{171D433D-8869-4165-8D09-DB3AABF45FC9}.Release|Any CPU.ActiveCfg = Release|Any CPU
		{171D433D-8869-4165-8D09-DB3AABF45FC9}.Release|Any CPU.Build.0 = Release|Any CPU
		{269EFF57-6897-40C8-919F-26D31EB4A1E6}.Debug|Any CPU.ActiveCfg = Debug|Any CPU
		{269EFF57-6897-40C8-919F-26D31EB4A1E6}.Debug|Any CPU.Build.0 = Debug|Any CPU
		{269EFF57-6897-40C8-919F-26D31EB4A1E6}.Release|Any CPU.ActiveCfg = Release|Any CPU
		{269EFF57-6897-40C8-919F-26D31EB4A1E6}.Release|Any CPU.Build.0 = Release|Any CPU
		{292018AE-44DC-4155-85FF-9E737BF09ACA}.Debug|Any CPU.ActiveCfg = Debug|Any CPU
		{292018AE-44DC-4155-85FF-9E737BF09ACA}.Debug|Any CPU.Build.0 = Debug|Any CPU
		{292018AE-44DC-4155-85FF-9E737BF09ACA}.Release|Any CPU.ActiveCfg = Release|Any CPU
		{292018AE-44DC-4155-85FF-9E737BF09ACA}.Release|Any CPU.Build.0 = Release|Any CPU
		{B7414982-0F04-4750-B02C-5A9C557BDC14}.Debug|Any CPU.ActiveCfg = Debug|Any CPU
		{B7414982-0F04-4750-B02C-5A9C557BDC14}.Debug|Any CPU.Build.0 = Debug|Any CPU
		{B7414982-0F04-4750-B02C-5A9C557BDC14}.Release|Any CPU.ActiveCfg = Release|Any CPU
		{B7414982-0F04-4750-B02C-5A9C557BDC14}.Release|Any CPU.Build.0 = Release|Any CPU
		{3CC3894D-3CF0-4E98-90A2-03F53607E866}.Debug|Any CPU.ActiveCfg = Debug|Any CPU
		{3CC3894D-3CF0-4E98-90A2-03F53607E866}.Debug|Any CPU.Build.0 = Debug|Any CPU
		{3CC3894D-3CF0-4E98-90A2-03F53607E866}.Release|Any CPU.ActiveCfg = Release|Any CPU
		{3CC3894D-3CF0-4E98-90A2-03F53607E866}.Release|Any CPU.Build.0 = Release|Any CPU
		{4E6F6580-503D-40FF-AF82-9AD158FFE07C}.Debug|Any CPU.ActiveCfg = Debug|Any CPU
		{4E6F6580-503D-40FF-AF82-9AD158FFE07C}.Debug|Any CPU.Build.0 = Debug|Any CPU
		{4E6F6580-503D-40FF-AF82-9AD158FFE07C}.Release|Any CPU.ActiveCfg = Release|Any CPU
		{4E6F6580-503D-40FF-AF82-9AD158FFE07C}.Release|Any CPU.Build.0 = Release|Any CPU
		{F7E8F836-A408-46E7-A4BA-72B87F550D69}.Debug|Any CPU.ActiveCfg = Debug|Any CPU
		{F7E8F836-A408-46E7-A4BA-72B87F550D69}.Debug|Any CPU.Build.0 = Debug|Any CPU
		{F7E8F836-A408-46E7-A4BA-72B87F550D69}.Release|Any CPU.ActiveCfg = Release|Any CPU
		{F7E8F836-A408-46E7-A4BA-72B87F550D69}.Release|Any CPU.Build.0 = Release|Any CPU
		{FB06C5E9-049D-4E0E-A454-8860524686A1}.Debug|Any CPU.ActiveCfg = Debug|Any CPU
		{FB06C5E9-049D-4E0E-A454-8860524686A1}.Debug|Any CPU.Build.0 = Debug|Any CPU
		{FB06C5E9-049D-4E0E-A454-8860524686A1}.Release|Any CPU.ActiveCfg = Release|Any CPU
		{FB06C5E9-049D-4E0E-A454-8860524686A1}.Release|Any CPU.Build.0 = Release|Any CPU
		{412B5E00-5D19-465E-86AE-88439B2D611D}.Debug|Any CPU.ActiveCfg = Debug|Any CPU
		{412B5E00-5D19-465E-86AE-88439B2D611D}.Debug|Any CPU.Build.0 = Debug|Any CPU
		{412B5E00-5D19-465E-86AE-88439B2D611D}.Release|Any CPU.ActiveCfg = Release|Any CPU
		{412B5E00-5D19-465E-86AE-88439B2D611D}.Release|Any CPU.Build.0 = Release|Any CPU
		{A793BEBC-68E1-4E79-9CF6-E56DF2A5E05D}.Debug|Any CPU.ActiveCfg = Debug|Any CPU
		{A793BEBC-68E1-4E79-9CF6-E56DF2A5E05D}.Debug|Any CPU.Build.0 = Debug|Any CPU
		{A793BEBC-68E1-4E79-9CF6-E56DF2A5E05D}.Release|Any CPU.ActiveCfg = Release|Any CPU
		{A793BEBC-68E1-4E79-9CF6-E56DF2A5E05D}.Release|Any CPU.Build.0 = Release|Any CPU
		{EEFD5EAC-906D-44F5-9A71-FB8F781D4556}.Debug|Any CPU.ActiveCfg = Debug|Any CPU
		{EEFD5EAC-906D-44F5-9A71-FB8F781D4556}.Debug|Any CPU.Build.0 = Debug|Any CPU
		{EEFD5EAC-906D-44F5-9A71-FB8F781D4556}.Release|Any CPU.ActiveCfg = Release|Any CPU
		{EEFD5EAC-906D-44F5-9A71-FB8F781D4556}.Release|Any CPU.Build.0 = Release|Any CPU
	EndGlobalSection
	GlobalSection(SolutionProperties) = preSolution
		HideSolutionNode = FALSE
	EndGlobalSection
	GlobalSection(NestedProjects) = preSolution
		{7EE93F02-404C-47EB-9D5C-3843F753F017} = {5B9B56C2-0C91-4AF0-B254-01F2649279B3}
		{44AEAC92-2380-4C56-B953-E7653BFFF9E4} = {5B9B56C2-0C91-4AF0-B254-01F2649279B3}
		{0836CADF-B844-4572-AAA6-25B1346F6AA5} = {7EE93F02-404C-47EB-9D5C-3843F753F017}
		{1B481CE7-71E2-4F76-B4AD-49CB95299A29} = {0836CADF-B844-4572-AAA6-25B1346F6AA5}
		{0C02B647-28B3-4DA3-B58D-CAE6CFFA9EE3} = {0836CADF-B844-4572-AAA6-25B1346F6AA5}
		{CB80AE09-BAAD-484C-9D7F-77227468C028} = {44AEAC92-2380-4C56-B953-E7653BFFF9E4}
		{634F85BC-25D7-4731-B44A-6D65B74EDC19} = {44AEAC92-2380-4C56-B953-E7653BFFF9E4}
		{F56EFA47-6474-4904-AB0A-FF60EC9FA3EB} = {44AEAC92-2380-4C56-B953-E7653BFFF9E4}
		{108D41C6-0EE7-402F-8DAB-08B79745D189} = {7EE93F02-404C-47EB-9D5C-3843F753F017}
		{365519FF-93BD-4F4D-8720-8946A21CA5EA} = {108D41C6-0EE7-402F-8DAB-08B79745D189}
		{3C630CBB-7B27-4E5B-997C-C43C01E72AAF} = {365519FF-93BD-4F4D-8720-8946A21CA5EA}
		{C7D33B46-1043-4E0E-B456-F34D6F6E2E35} = {365519FF-93BD-4F4D-8720-8946A21CA5EA}
		{DDE67D07-4387-4173-B210-667E9DDC0C30} = {365519FF-93BD-4F4D-8720-8946A21CA5EA}
		{2E82BFB8-FBF9-427F-B98E-DC9EF335D2FE} = {F56EFA47-6474-4904-AB0A-FF60EC9FA3EB}
		{1DDF1A75-61EB-4F28-8433-8563CDE79A2E} = {F56EFA47-6474-4904-AB0A-FF60EC9FA3EB}
		{0885B2FF-6242-42FE-8555-4D1A52B3CC62} = {5B9B56C2-0C91-4AF0-B254-01F2649279B3}
		{171D433D-8869-4165-8D09-DB3AABF45FC9} = {F56EFA47-6474-4904-AB0A-FF60EC9FA3EB}
		{269EFF57-6897-40C8-919F-26D31EB4A1E6} = {F56EFA47-6474-4904-AB0A-FF60EC9FA3EB}
		{292018AE-44DC-4155-85FF-9E737BF09ACA} = {0885B2FF-6242-42FE-8555-4D1A52B3CC62}
		{F7E5F881-CCE1-4E15-AF93-8CA9109D2410} = {44AEAC92-2380-4C56-B953-E7653BFFF9E4}
		{B7414982-0F04-4750-B02C-5A9C557BDC14} = {F7E5F881-CCE1-4E15-AF93-8CA9109D2410}
		{3CC3894D-3CF0-4E98-90A2-03F53607E866} = {F7E5F881-CCE1-4E15-AF93-8CA9109D2410}
		{4E6F6580-503D-40FF-AF82-9AD158FFE07C} = {CB80AE09-BAAD-484C-9D7F-77227468C028}
		{F7E8F836-A408-46E7-A4BA-72B87F550D69} = {634F85BC-25D7-4731-B44A-6D65B74EDC19}
		{17B6D4B3-FD9B-49D7-B215-BA2393F49043} = {02AEC063-38A0-442B-9D61-1BCDEA55BFE4}
		{71D1FF59-5E97-475F-93DC-D24D7BB60560} = {02AEC063-38A0-442B-9D61-1BCDEA55BFE4}
		{FB06C5E9-049D-4E0E-A454-8860524686A1} = {17B6D4B3-FD9B-49D7-B215-BA2393F49043}
		{04E1B193-BF17-470B-BC28-BF860EB450EF} = {44AEAC92-2380-4C56-B953-E7653BFFF9E4}
		{412B5E00-5D19-465E-86AE-88439B2D611D} = {04E1B193-BF17-470B-BC28-BF860EB450EF}
		{A793BEBC-68E1-4E79-9CF6-E56DF2A5E05D} = {04E1B193-BF17-470B-BC28-BF860EB450EF}
		{EEFD5EAC-906D-44F5-9A71-FB8F781D4556} = {CB80AE09-BAAD-484C-9D7F-77227468C028}
	EndGlobalSection
	GlobalSection(ExtensibilityGlobals) = postSolution
		SolutionGuid = {106AEB40-5580-4582-A23A-00CBDE3C1773}
	EndGlobalSection
EndGlobal
