
Microsoft Visual Studio Solution File, Format Version 12.00
# Visual Studio Version 17
VisualStudioVersion = 17.9.34723.18
MinimumVisualStudioVersion = 10.0.40219.1
Project("{2150E333-8FDC-42A3-9474-1A3956D46DE8}") = "Services", "Services", "{7EE93F02-404C-47EB-9D5C-3843F753F017}"
EndProject
Project("{2150E333-8FDC-42A3-9474-1A3956D46DE8}") = "Common", "Common", "{44AEAC92-2380-4C56-B953-E7653BFFF9E4}"
EndProject
Project("{2150E333-8FDC-42A3-9474-1A3956D46DE8}") = "ShiftTrack", "ShiftTrack", "{0836CADF-B844-4572-AAA6-25B1346F6AA5}"
EndProject
Project("{9A19103F-16F7-4668-BE54-9A1E7A4F7556}") = "ShiftTrack.API", "src\Services\ShiftTrack\ShiftTrack.API\ShiftTrack.API.csproj", "{1B481CE7-71E2-4F76-B4AD-49CB95299A29}"
EndProject
Project("{9A19103F-16F7-4668-BE54-9A1E7A4F7556}") = "ShiftTrack.Core", "src\Services\ShiftTrack\ShiftTrack.Core\ShiftTrack.Core.csproj", "{0C02B647-28B3-4DA3-B58D-CAE6CFFA9EE3}"
EndProject
Project("{2150E333-8FDC-42A3-9474-1A3956D46DE8}") = "src", "src", "{5B9B56C2-0C91-4AF0-B254-01F2649279B3}"
EndProject
Project("{2150E333-8FDC-42A3-9474-1A3956D46DE8}") = "Kernel", "Kernel", "{CB80AE09-BAAD-484C-9D7F-77227468C028}"
EndProject
Project("{9A19103F-16F7-4668-BE54-9A1E7A4F7556}") = "Kernel", "src\Common\Kernel\Kernel\Kernel.csproj", "{EA2890BC-CEB2-4F32-9F54-63516041C556}"
EndProject
Project("{E53339B2-1760-4266-BCC7-CA923CBCF16C}") = "docker-compose", "docker-compose.dcproj", "{2920E1DD-A344-45F0-A29A-C4624137495D}"
EndProject
Project("{2150E333-8FDC-42A3-9474-1A3956D46DE8}") = "Data", "Data", "{634F85BC-25D7-4731-B44A-6D65B74EDC19}"
EndProject
Project("{FAE04EC0-301F-11D3-BF4B-00C04F79EFBC}") = "Data", "src\Common\Data\Data\Data.csproj", "{ABB641FF-CF08-40D9-9C0A-D469F83E4A4F}"
EndProject
Global
	GlobalSection(SolutionConfigurationPlatforms) = preSolution
		Debug|Any CPU = Debug|Any CPU
		Release|Any CPU = Release|Any CPU
	EndGlobalSection
	GlobalSection(ProjectConfigurationPlatforms) = postSolution
		{1B481CE7-71E2-4F76-B4AD-49CB95299A29}.Debug|Any CPU.ActiveCfg = Debug|Any CPU
		{1B481CE7-71E2-4F76-B4AD-49CB95299A29}.Debug|Any CPU.Build.0 = Debug|Any CPU
		{1B481CE7-71E2-4F76-B4AD-49CB95299A29}.Release|Any CPU.ActiveCfg = Release|Any CPU
		{1B481CE7-71E2-4F76-B4AD-49CB95299A29}.Release|Any CPU.Build.0 = Release|Any CPU
		{0C02B647-28B3-4DA3-B58D-CAE6CFFA9EE3}.Debug|Any CPU.ActiveCfg = Debug|Any CPU
		{0C02B647-28B3-4DA3-B58D-CAE6CFFA9EE3}.Debug|Any CPU.Build.0 = Debug|Any CPU
		{0C02B647-28B3-4DA3-B58D-CAE6CFFA9EE3}.Release|Any CPU.ActiveCfg = Release|Any CPU
		{0C02B647-28B3-4DA3-B58D-CAE6CFFA9EE3}.Release|Any CPU.Build.0 = Release|Any CPU
		{EA2890BC-CEB2-4F32-9F54-63516041C556}.Debug|Any CPU.ActiveCfg = Debug|Any CPU
		{EA2890BC-CEB2-4F32-9F54-63516041C556}.Debug|Any CPU.Build.0 = Debug|Any CPU
		{EA2890BC-CEB2-4F32-9F54-63516041C556}.Release|Any CPU.ActiveCfg = Release|Any CPU
		{EA2890BC-CEB2-4F32-9F54-63516041C556}.Release|Any CPU.Build.0 = Release|Any CPU
		{2920E1DD-A344-45F0-A29A-C4624137495D}.Debug|Any CPU.ActiveCfg = Debug|Any CPU
		{2920E1DD-A344-45F0-A29A-C4624137495D}.Debug|Any CPU.Build.0 = Debug|Any CPU
		{2920E1DD-A344-45F0-A29A-C4624137495D}.Release|Any CPU.ActiveCfg = Release|Any CPU
		{2920E1DD-A344-45F0-A29A-C4624137495D}.Release|Any CPU.Build.0 = Release|Any CPU
		{ABB641FF-CF08-40D9-9C0A-D469F83E4A4F}.Debug|Any CPU.ActiveCfg = Debug|Any CPU
		{ABB641FF-CF08-40D9-9C0A-D469F83E4A4F}.Debug|Any CPU.Build.0 = Debug|Any CPU
		{ABB641FF-CF08-40D9-9C0A-D469F83E4A4F}.Release|Any CPU.ActiveCfg = Release|Any CPU
		{ABB641FF-CF08-40D9-9C0A-D469F83E4A4F}.Release|Any CPU.Build.0 = Release|Any CPU
	EndGlobalSection
	GlobalSection(SolutionProperties) = preSolution
		HideSolutionNode = FALSE
	EndGlobalSection
	GlobalSection(NestedProjects) = preSolution
		{7EE93F02-404C-47EB-9D5C-3843F753F017} = {5B9B56C2-0C91-4AF0-B254-01F2649279B3}
		{44AEAC92-2380-4C56-B953-E7653BFFF9E4} = {5B9B56C2-0C91-4AF0-B254-01F2649279B3}
		{0836CADF-B844-4572-AAA6-25B1346F6AA5} = {7EE93F02-404C-47EB-9D5C-3843F753F017}
		{1B481CE7-71E2-4F76-B4AD-49CB95299A29} = {0836CADF-B844-4572-AAA6-25B1346F6AA5}
		{0C02B647-28B3-4DA3-B58D-CAE6CFFA9EE3} = {0836CADF-B844-4572-AAA6-25B1346F6AA5}
		{CB80AE09-BAAD-484C-9D7F-77227468C028} = {44AEAC92-2380-4C56-B953-E7653BFFF9E4}
		{EA2890BC-CEB2-4F32-9F54-63516041C556} = {CB80AE09-BAAD-484C-9D7F-77227468C028}
		{634F85BC-25D7-4731-B44A-6D65B74EDC19} = {44AEAC92-2380-4C56-B953-E7653BFFF9E4}
		{ABB641FF-CF08-40D9-9C0A-D469F83E4A4F} = {634F85BC-25D7-4731-B44A-6D65B74EDC19}
	EndGlobalSection
	GlobalSection(ExtensibilityGlobals) = postSolution
		SolutionGuid = {106AEB40-5580-4582-A23A-00CBDE3C1773}
	EndGlobalSection
EndGlobal
